// !$*UTF8*$!
{
	archiveVersion = 1;
	classes = {
	};
	objectVersion = 46;
	objects = {

/* Begin PBXBuildFile section */
		1DFAD0411B4DA5A3002254A0 /* main.cpp in Sources */ = {isa = PBXBuildFile; fileRef = 1DFAD0401B4DA5A3002254A0 /* main.cpp */; };
		1DFAD04E1B4DA618002254A0 /* main.cpp in Sources */ = {isa = PBXBuildFile; fileRef = 1DFAD04D1B4DA618002254A0 /* main.cpp */; };
/* End PBXBuildFile section */

/* Begin PBXCopyFilesBuildPhase section */
		1DFAD03B1B4DA5A3002254A0 /* CopyFiles */ = {
			isa = PBXCopyFilesBuildPhase;
			buildActionMask = 2147483647;
			dstPath = /usr/share/man/man1/;
			dstSubfolderSpec = 0;
			files = (
			);
			runOnlyForDeploymentPostprocessing = 1;
		};
		1DFAD0491B4DA618002254A0 /* CopyFiles */ = {
			isa = PBXCopyFilesBuildPhase;
			buildActionMask = 2147483647;
			dstPath = /usr/share/man/man1/;
			dstSubfolderSpec = 0;
			files = (
			);
			runOnlyForDeploymentPostprocessing = 1;
		};
/* End PBXCopyFilesBuildPhase section */

/* Begin PBXFileReference section */
		1DFAD03D1B4DA5A3002254A0 /* TEST */ = {isa = PBXFileReference; explicitFileType = "compiled.mach-o.executable"; includeInIndex = 0; path = TEST; sourceTree = BUILT_PRODUCTS_DIR; };
		1DFAD0401B4DA5A3002254A0 /* main.cpp */ = {isa = PBXFileReference; lastKnownFileType = sourcecode.cpp.cpp; path = main.cpp; sourceTree = "<group>"; };
		1DFAD04B1B4DA618002254A0 /* xxx */ = {isa = PBXFileReference; explicitFileType = "compiled.mach-o.executable"; includeInIndex = 0; path = xxx; sourceTree = BUILT_PRODUCTS_DIR; };
		1DFAD04D1B4DA618002254A0 /* main.cpp */ = {isa = PBXFileReference; lastKnownFileType = sourcecode.cpp.cpp; path = main.cpp; sourceTree = "<group>"; };
/* End PBXFileReference section */

/* Begin PBXFrameworksBuildPhase section */
		1DFAD03A1B4DA5A3002254A0 /* Frameworks */ = {
			isa = PBXFrameworksBuildPhase;
			buildActionMask = 2147483647;
			files = (
			);
			runOnlyForDeploymentPostprocessing = 0;
		};
		1DFAD0481B4DA618002254A0 /* Frameworks */ = {
			isa = PBXFrameworksBuildPhase;
			buildActionMask = 2147483647;
			files = (
			);
			runOnlyForDeploymentPostprocessing = 0;
		};
/* End PBXFrameworksBuildPhase section */

/* Begin PBXGroup section */
		1DFAD0341B4DA5A3002254A0 = {
			isa = PBXGroup;
			children = (
				1DFAD03F1B4DA5A3002254A0 /* TEST */,
				1DFAD04C1B4DA618002254A0 /* xxx */,
				1DFAD03E1B4DA5A3002254A0 /* Products */,
			);
			sourceTree = "<group>";
		};
		1DFAD03E1B4DA5A3002254A0 /* Products */ = {
			isa = PBXGroup;
			children = (
				1DFAD03D1B4DA5A3002254A0 /* TEST */,
				1DFAD04B1B4DA618002254A0 /* xxx */,
			);
			name = Products;
			sourceTree = "<group>";
		};
		1DFAD03F1B4DA5A3002254A0 /* TEST */ = {
			isa = PBXGroup;
			children = (
				1DFAD0401B4DA5A3002254A0 /* main.cpp */,
			);
			path = TEST;
			sourceTree = "<group>";
		};
		1DFAD04C1B4DA618002254A0 /* xxx */ = {
			isa = PBXGroup;
			children = (
				1DFAD04D1B4DA618002254A0 /* main.cpp */,
			);
			path = xxx;
			sourceTree = "<group>";
		};
/* End PBXGroup section */

/* Begin PBXNativeTarget section */
		1DFAD03C1B4DA5A3002254A0 /* TEST */ = {
			isa = PBXNativeTarget;
			buildConfigurationList = 1DFAD0441B4DA5A3002254A0 /* Build configuration list for PBXNativeTarget "TEST" */;
			buildPhases = (
				1DFAD0391B4DA5A3002254A0 /* Sources */,
				1DFAD03A1B4DA5A3002254A0 /* Frameworks */,
				1DFAD03B1B4DA5A3002254A0 /* CopyFiles */,
			);
			buildRules = (
			);
			dependencies = (
			);
			name = TEST;
			productName = TEST;
			productReference = 1DFAD03D1B4DA5A3002254A0 /* TEST */;
			productType = "com.apple.product-type.tool";
		};
		1DFAD04A1B4DA618002254A0 /* xxx */ = {
			isa = PBXNativeTarget;
			buildConfigurationList = 1DFAD04F1B4DA618002254A0 /* Build configuration list for PBXNativeTarget "xxx" */;
			buildPhases = (
				1DFAD0471B4DA618002254A0 /* Sources */,
				1DFAD0481B4DA618002254A0 /* Frameworks */,
				1DFAD0491B4DA618002254A0 /* CopyFiles */,
			);
			buildRules = (
			);
			dependencies = (
			);
			name = xxx;
			productName = xxx;
			productReference = 1DFAD04B1B4DA618002254A0 /* xxx */;
			productType = "com.apple.product-type.tool";
		};
/* End PBXNativeTarget section */

/* Begin PBXProject section */
		1DFAD0351B4DA5A3002254A0 /* Project object */ = {
			isa = PBXProject;
			attributes = {
				LastUpgradeCheck = 0640;
				ORGANIZATIONNAME = "Hans Johnson";
				TargetAttributes = {
					1DFAD03C1B4DA5A3002254A0 = {
						CreatedOnToolsVersion = 6.4;
					};
					1DFAD04A1B4DA618002254A0 = {
						CreatedOnToolsVersion = 6.4;
					};
				};
			};
			buildConfigurationList = 1DFAD0381B4DA5A3002254A0 /* Build configuration list for PBXProject "TEST" */;
			compatibilityVersion = "Xcode 3.2";
			developmentRegion = English;
			hasScannedForEncodings = 0;
			knownRegions = (
				en,
			);
			mainGroup = 1DFAD0341B4DA5A3002254A0;
			productRefGroup = 1DFAD03E1B4DA5A3002254A0 /* Products */;
			projectDirPath = "";
			projectRoot = "";
			targets = (
				1DFAD03C1B4DA5A3002254A0 /* TEST */,
				1DFAD04A1B4DA618002254A0 /* xxx */,
			);
		};
/* End PBXProject section */

/* Begin PBXSourcesBuildPhase section */
		1DFAD0391B4DA5A3002254A0 /* Sources */ = {
			isa = PBXSourcesBuildPhase;
			buildActionMask = 2147483647;
			files = (
				1DFAD0411B4DA5A3002254A0 /* main.cpp in Sources */,
			);
			runOnlyForDeploymentPostprocessing = 0;
		};
		1DFAD0471B4DA618002254A0 /* Sources */ = {
			isa = PBXSourcesBuildPhase;
			buildActionMask = 2147483647;
			files = (
				1DFAD04E1B4DA618002254A0 /* main.cpp in Sources */,
			);
			runOnlyForDeploymentPostprocessing = 0;
		};
/* End PBXSourcesBuildPhase section */

/* Begin XCBuildConfiguration section */
		1DFAD0421B4DA5A3002254A0 /* Debug */ = {
			isa = XCBuildConfiguration;
			buildSettings = {
				ALWAYS_SEARCH_USER_PATHS = NO;
				CLANG_CXX_LANGUAGE_STANDARD = "gnu++0x";
				CLANG_CXX_LIBRARY = "libc++";
				CLANG_ENABLE_MODULES = YES;
				CLANG_ENABLE_OBJC_ARC = YES;
				CLANG_WARN_BOOL_CONVERSION = YES;
				CLANG_WARN_CONSTANT_CONVERSION = YES;
				CLANG_WARN_DIRECT_OBJC_ISA_USAGE = YES_ERROR;
				CLANG_WARN_EMPTY_BODY = YES;
				CLANG_WARN_ENUM_CONVERSION = YES;
				CLANG_WARN_INT_CONVERSION = YES;
				CLANG_WARN_OBJC_ROOT_CLASS = YES_ERROR;
				CLANG_WARN_UNREACHABLE_CODE = YES;
				CLANG_WARN__DUPLICATE_METHOD_MATCH = YES;
				COPY_PHASE_STRIP = NO;
				DEBUG_INFORMATION_FORMAT = dwarf;
				ENABLE_STRICT_OBJC_MSGSEND = YES;
				GCC_C_LANGUAGE_STANDARD = gnu99;
				GCC_DYNAMIC_NO_PIC = NO;
				GCC_NO_COMMON_BLOCKS = YES;
				GCC_OPTIMIZATION_LEVEL = 0;
				GCC_PREPROCESSOR_DEFINITIONS = (
					"DEBUG=1",
					"$(inherited)",
				);
				GCC_SYMBOLS_PRIVATE_EXTERN = NO;
				GCC_WARN_64_TO_32_BIT_CONVERSION = YES;
				GCC_WARN_ABOUT_RETURN_TYPE = YES_ERROR;
				GCC_WARN_UNDECLARED_SELECTOR = YES;
				GCC_WARN_UNINITIALIZED_AUTOS = YES_AGGRESSIVE;
				GCC_WARN_UNUSED_FUNCTION = YES;
				GCC_WARN_UNUSED_VARIABLE = YES;
				MACOSX_DEPLOYMENT_TARGET = 10.10;
				MTL_ENABLE_DEBUG_INFO = YES;
				ONLY_ACTIVE_ARCH = YES;
				SDKROOT = macosx;
			};
			name = Debug;
		};
		1DFAD0431B4DA5A3002254A0 /* Release */ = {
			isa = XCBuildConfiguration;
			buildSettings = {
				ALWAYS_SEARCH_USER_PATHS = NO;
				CLANG_CXX_LANGUAGE_STANDARD = "gnu++0x";
				CLANG_CXX_LIBRARY = "libc++";
				CLANG_ENABLE_MODULES = YES;
				CLANG_ENABLE_OBJC_ARC = YES;
				CLANG_WARN_BOOL_CONVERSION = YES;
				CLANG_WARN_CONSTANT_CONVERSION = YES;
				CLANG_WARN_DIRECT_OBJC_ISA_USAGE = YES_ERROR;
				CLANG_WARN_EMPTY_BODY = YES;
				CLANG_WARN_ENUM_CONVERSION = YES;
				CLANG_WARN_INT_CONVERSION = YES;
				CLANG_WARN_OBJC_ROOT_CLASS = YES_ERROR;
				CLANG_WARN_UNREACHABLE_CODE = YES;
				CLANG_WARN__DUPLICATE_METHOD_MATCH = YES;
				COPY_PHASE_STRIP = NO;
				DEBUG_INFORMATION_FORMAT = "dwarf-with-dsym";
				ENABLE_NS_ASSERTIONS = NO;
				ENABLE_STRICT_OBJC_MSGSEND = YES;
				GCC_C_LANGUAGE_STANDARD = gnu99;
				GCC_NO_COMMON_BLOCKS = YES;
				GCC_WARN_64_TO_32_BIT_CONVERSION = YES;
				GCC_WARN_ABOUT_RETURN_TYPE = YES_ERROR;
				GCC_WARN_UNDECLARED_SELECTOR = YES;
				GCC_WARN_UNINITIALIZED_AUTOS = YES_AGGRESSIVE;
				GCC_WARN_UNUSED_FUNCTION = YES;
				GCC_WARN_UNUSED_VARIABLE = YES;
				MACOSX_DEPLOYMENT_TARGET = 10.10;
				MTL_ENABLE_DEBUG_INFO = NO;
				SDKROOT = macosx;
			};
			name = Release;
		};
		1DFAD0451B4DA5A3002254A0 /* Debug */ = {
			isa = XCBuildConfiguration;
			buildSettings = {
				PRODUCT_NAME = "$(TARGET_NAME)";
			};
			name = Debug;
		};
		1DFAD0461B4DA5A3002254A0 /* Release */ = {
			isa = XCBuildConfiguration;
			buildSettings = {
				PRODUCT_NAME = "$(TARGET_NAME)";
			};
			name = Release;
		};
		1DFAD0501B4DA618002254A0 /* Debug */ = {
			isa = XCBuildConfiguration;
			buildSettings = {
				GCC_PREPROCESSOR_DEFINITIONS = (
					"DEBUG=1",
					"$(inherited)",
				);
				PRODUCT_NAME = "$(TARGET_NAME)";
			};
			name = Debug;
		};
		1DFAD0511B4DA618002254A0 /* Release */ = {
			isa = XCBuildConfiguration;
			buildSettings = {
				PRODUCT_NAME = "$(TARGET_NAME)";
			};
			name = Release;
		};
/* End XCBuildConfiguration section */

/* Begin XCConfigurationList section */
		1DFAD0381B4DA5A3002254A0 /* Build configuration list for PBXProject "TEST" */ = {
			isa = XCConfigurationList;
			buildConfigurations = (
				1DFAD0421B4DA5A3002254A0 /* Debug */,
				1DFAD0431B4DA5A3002254A0 /* Release */,
			);
			defaultConfigurationIsVisible = 0;
			defaultConfigurationName = Release;
		};
		1DFAD0441B4DA5A3002254A0 /* Build configuration list for PBXNativeTarget "TEST" */ = {
			isa = XCConfigurationList;
			buildConfigurations = (
				1DFAD0451B4DA5A3002254A0 /* Debug */,
				1DFAD0461B4DA5A3002254A0 /* Release */,
			);
			defaultConfigurationIsVisible = 0;
		};
		1DFAD04F1B4DA618002254A0 /* Build configuration list for PBXNativeTarget "xxx" */ = {
			isa = XCConfigurationList;
			buildConfigurations = (
				1DFAD0501B4DA618002254A0 /* Debug */,
				1DFAD0511B4DA618002254A0 /* Release */,
			);
			defaultConfigurationIsVisible = 0;
		};
/* End XCConfigurationList section */
	};
	rootObject = 1DFAD0351B4DA5A3002254A0 /* Project object */;
}
